
Microsoft Visual Studio Solution File, Format Version 12.00
# Visual Studio 14
VisualStudioVersion = 14.0.25420.1
MinimumVisualStudioVersion = 10.0.40219.1
Project("{8BC9CEB8-8B4A-11D0-8D11-00A0C91BC942}") = "printf", "printf\printf.vcxproj", "{3BFF0D3C-E122-49AE-9CDD-F834E0B61966}"
EndProject
Global
	GlobalSection(SolutionConfigurationPlatforms) = preSolution
		Debug|ORBIS = Debug|ORBIS
		Release|ORBIS = Release|ORBIS
	EndGlobalSection
	GlobalSection(ProjectConfigurationPlatforms) = postSolution
		{3BFF0D3C-E122-49AE-9CDD-F834E0B61966}.Debug|ORBIS.ActiveCfg = Debug|ORBIS
		{3BFF0D3C-E122-49AE-9CDD-F834E0B61966}.Debug|ORBIS.Build.0 = Debug|ORBIS
		{3BFF0D3C-E122-49AE-9CDD-F834E0B61966}.Release|ORBIS.ActiveCfg = Release|ORBIS
		{3BFF0D3C-E122-49AE-9CDD-F834E0B61966}.Release|ORBIS.Build.0 = Release|ORBIS
	EndGlobalSection
	GlobalSection(SolutionProperties) = preSolution
		HideSolutionNode = FALSE
	EndGlobalSection
EndGlobal
